
Microsoft Visual Studio Solution File, Format Version 12.00
# Visual Studio 15
VisualStudioVersion = 15.0.27130.2026
MinimumVisualStudioVersion = 10.0.40219.1
Project("{FAE04EC0-301F-11D3-BF4B-00C04F79EFBC}") = "FaceCheckIn_App", "FaceCheckIn_App\FaceCheckIn_App.csproj", "{F2065B78-7521-4356-B92C-1960F1C46B56}"
EndProject
Global
	GlobalSection(SolutionConfigurationPlatforms) = preSolution
		Debug|Any CPU = Debug|Any CPU
		Release|Any CPU = Release|Any CPU
	EndGlobalSection
	GlobalSection(ProjectConfigurationPlatforms) = postSolution
		{F2065B78-7521-4356-B92C-1960F1C46B56}.Debug|Any CPU.ActiveCfg = Debug|Any CPU
		{F2065B78-7521-4356-B92C-1960F1C46B56}.Debug|Any CPU.Build.0 = Debug|Any CPU
		{F2065B78-7521-4356-B92C-1960F1C46B56}.Release|Any CPU.ActiveCfg = Release|Any CPU
		{F2065B78-7521-4356-B92C-1960F1C46B56}.Release|Any CPU.Build.0 = Release|Any CPU
	EndGlobalSection
	GlobalSection(SolutionProperties) = preSolution
		HideSolutionNode = FALSE
	EndGlobalSection
	GlobalSection(ExtensibilityGlobals) = postSolution
		SolutionGuid = {E096B401-FDD1-4E40-95A9-E9AFFF9ADC24}
	EndGlobalSection
EndGlobal
